// !$*UTF8*$!
{
	archiveVersion = 1;
	classes = {
	};
	objectVersion = 50;
	objects = {

/* Begin PBXBuildFile section */
		240C93E525DCA705006E726A /* UpgradeNoticeApp.swift in Sources */ = {isa = PBXBuildFile; fileRef = 240C93E425DCA705006E726A /* UpgradeNoticeApp.swift */; };
		240C93E725DCA705006E726A /* ContentView.swift in Sources */ = {isa = PBXBuildFile; fileRef = 240C93E625DCA705006E726A /* ContentView.swift */; };
		240C93E925DCA707006E726A /* Assets.xcassets in Resources */ = {isa = PBXBuildFile; fileRef = 240C93E825DCA707006E726A /* Assets.xcassets */; };
		240C93EC25DCA707006E726A /* Preview Assets.xcassets in Resources */ = {isa = PBXBuildFile; fileRef = 240C93EB25DCA707006E726A /* Preview Assets.xcassets */; };
		240C93F725DCA707006E726A /* UpgradeNoticeTests.swift in Sources */ = {isa = PBXBuildFile; fileRef = 240C93F625DCA707006E726A /* UpgradeNoticeTests.swift */; };
		240C940225DCA707006E726A /* UpgradeNoticeUITests.swift in Sources */ = {isa = PBXBuildFile; fileRef = 240C940125DCA707006E726A /* UpgradeNoticeUITests.swift */; };
/* End PBXBuildFile section */

/* Begin PBXContainerItemProxy section */
		240C93F325DCA707006E726A /* PBXContainerItemProxy */ = {
			isa = PBXContainerItemProxy;
			containerPortal = 240C93D925DCA705006E726A /* Project object */;
			proxyType = 1;
			remoteGlobalIDString = 240C93E025DCA705006E726A;
			remoteInfo = UpgradeNotice;
		};
		240C93FE25DCA707006E726A /* PBXContainerItemProxy */ = {
			isa = PBXContainerItemProxy;
			containerPortal = 240C93D925DCA705006E726A /* Project object */;
			proxyType = 1;
			remoteGlobalIDString = 240C93E025DCA705006E726A;
			remoteInfo = UpgradeNotice;
		};
/* End PBXContainerItemProxy section */

/* Begin PBXFileReference section */
		240C93E125DCA705006E726A /* UpgradeNotice.app */ = {isa = PBXFileReference; explicitFileType = wrapper.application; includeInIndex = 0; path = UpgradeNotice.app; sourceTree = BUILT_PRODUCTS_DIR; };
		240C93E425DCA705006E726A /* UpgradeNoticeApp.swift */ = {isa = PBXFileReference; lastKnownFileType = sourcecode.swift; path = UpgradeNoticeApp.swift; sourceTree = "<group>"; };
		240C93E625DCA705006E726A /* ContentView.swift */ = {isa = PBXFileReference; lastKnownFileType = sourcecode.swift; path = ContentView.swift; sourceTree = "<group>"; };
		240C93E825DCA707006E726A /* Assets.xcassets */ = {isa = PBXFileReference; lastKnownFileType = folder.assetcatalog; path = Assets.xcassets; sourceTree = "<group>"; };
		240C93EB25DCA707006E726A /* Preview Assets.xcassets */ = {isa = PBXFileReference; lastKnownFileType = folder.assetcatalog; path = "Preview Assets.xcassets"; sourceTree = "<group>"; };
		240C93ED25DCA707006E726A /* Info.plist */ = {isa = PBXFileReference; lastKnownFileType = text.plist.xml; path = Info.plist; sourceTree = "<group>"; };
		240C93F225DCA707006E726A /* UpgradeNoticeTests.xctest */ = {isa = PBXFileReference; explicitFileType = wrapper.cfbundle; includeInIndex = 0; path = UpgradeNoticeTests.xctest; sourceTree = BUILT_PRODUCTS_DIR; };
		240C93F625DCA707006E726A /* UpgradeNoticeTests.swift */ = {isa = PBXFileReference; lastKnownFileType = sourcecode.swift; path = UpgradeNoticeTests.swift; sourceTree = "<group>"; };
		240C93F825DCA707006E726A /* Info.plist */ = {isa = PBXFileReference; lastKnownFileType = text.plist.xml; path = Info.plist; sourceTree = "<group>"; };
		240C93FD25DCA707006E726A /* UpgradeNoticeUITests.xctest */ = {isa = PBXFileReference; explicitFileType = wrapper.cfbundle; includeInIndex = 0; path = UpgradeNoticeUITests.xctest; sourceTree = BUILT_PRODUCTS_DIR; };
		240C940125DCA707006E726A /* UpgradeNoticeUITests.swift */ = {isa = PBXFileReference; lastKnownFileType = sourcecode.swift; path = UpgradeNoticeUITests.swift; sourceTree = "<group>"; };
		240C940325DCA707006E726A /* Info.plist */ = {isa = PBXFileReference; lastKnownFileType = text.plist.xml; path = Info.plist; sourceTree = "<group>"; };
/* End PBXFileReference section */

/* Begin PBXFrameworksBuildPhase section */
		240C93DE25DCA705006E726A /* Frameworks */ = {
			isa = PBXFrameworksBuildPhase;
			buildActionMask = 2147483647;
			files = (
			);
			runOnlyForDeploymentPostprocessing = 0;
		};
		240C93EF25DCA707006E726A /* Frameworks */ = {
			isa = PBXFrameworksBuildPhase;
			buildActionMask = 2147483647;
			files = (
			);
			runOnlyForDeploymentPostprocessing = 0;
		};
		240C93FA25DCA707006E726A /* Frameworks */ = {
			isa = PBXFrameworksBuildPhase;
			buildActionMask = 2147483647;
			files = (
			);
			runOnlyForDeploymentPostprocessing = 0;
		};
/* End PBXFrameworksBuildPhase section */

/* Begin PBXGroup section */
		240C93D825DCA705006E726A = {
			isa = PBXGroup;
			children = (
				240C93E325DCA705006E726A /* UpgradeNotice */,
				240C93F525DCA707006E726A /* UpgradeNoticeTests */,
				240C940025DCA707006E726A /* UpgradeNoticeUITests */,
				240C93E225DCA705006E726A /* Products */,
			);
			sourceTree = "<group>";
		};
		240C93E225DCA705006E726A /* Products */ = {
			isa = PBXGroup;
			children = (
				240C93E125DCA705006E726A /* UpgradeNotice.app */,
				240C93F225DCA707006E726A /* UpgradeNoticeTests.xctest */,
				240C93FD25DCA707006E726A /* UpgradeNoticeUITests.xctest */,
			);
			name = Products;
			sourceTree = "<group>";
		};
		240C93E325DCA705006E726A /* UpgradeNotice */ = {
			isa = PBXGroup;
			children = (
				240C93E425DCA705006E726A /* UpgradeNoticeApp.swift */,
				240C93E625DCA705006E726A /* ContentView.swift */,
				240C93E825DCA707006E726A /* Assets.xcassets */,
				240C93ED25DCA707006E726A /* Info.plist */,
				240C93EA25DCA707006E726A /* Preview Content */,
			);
			path = UpgradeNotice;
			sourceTree = "<group>";
		};
		240C93EA25DCA707006E726A /* Preview Content */ = {
			isa = PBXGroup;
			children = (
				240C93EB25DCA707006E726A /* Preview Assets.xcassets */,
			);
			path = "Preview Content";
			sourceTree = "<group>";
		};
		240C93F525DCA707006E726A /* UpgradeNoticeTests */ = {
			isa = PBXGroup;
			children = (
				240C93F625DCA707006E726A /* UpgradeNoticeTests.swift */,
				240C93F825DCA707006E726A /* Info.plist */,
			);
			path = UpgradeNoticeTests;
			sourceTree = "<group>";
		};
		240C940025DCA707006E726A /* UpgradeNoticeUITests */ = {
			isa = PBXGroup;
			children = (
				240C940125DCA707006E726A /* UpgradeNoticeUITests.swift */,
				240C940325DCA707006E726A /* Info.plist */,
			);
			path = UpgradeNoticeUITests;
			sourceTree = "<group>";
		};
/* End PBXGroup section */

/* Begin PBXNativeTarget section */
		240C93E025DCA705006E726A /* UpgradeNotice */ = {
			isa = PBXNativeTarget;
			buildConfigurationList = 240C940625DCA707006E726A /* Build configuration list for PBXNativeTarget "UpgradeNotice" */;
			buildPhases = (
				240C93DD25DCA705006E726A /* Sources */,
				240C93DE25DCA705006E726A /* Frameworks */,
				240C93DF25DCA705006E726A /* Resources */,
			);
			buildRules = (
			);
			dependencies = (
			);
			name = UpgradeNotice;
			productName = UpgradeNotice;
			productReference = 240C93E125DCA705006E726A /* UpgradeNotice.app */;
			productType = "com.apple.product-type.application";
		};
		240C93F125DCA707006E726A /* UpgradeNoticeTests */ = {
			isa = PBXNativeTarget;
			buildConfigurationList = 240C940925DCA707006E726A /* Build configuration list for PBXNativeTarget "UpgradeNoticeTests" */;
			buildPhases = (
				240C93EE25DCA707006E726A /* Sources */,
				240C93EF25DCA707006E726A /* Frameworks */,
				240C93F025DCA707006E726A /* Resources */,
			);
			buildRules = (
			);
			dependencies = (
				240C93F425DCA707006E726A /* PBXTargetDependency */,
			);
			name = UpgradeNoticeTests;
			productName = UpgradeNoticeTests;
			productReference = 240C93F225DCA707006E726A /* UpgradeNoticeTests.xctest */;
			productType = "com.apple.product-type.bundle.unit-test";
		};
		240C93FC25DCA707006E726A /* UpgradeNoticeUITests */ = {
			isa = PBXNativeTarget;
			buildConfigurationList = 240C940C25DCA707006E726A /* Build configuration list for PBXNativeTarget "UpgradeNoticeUITests" */;
			buildPhases = (
				240C93F925DCA707006E726A /* Sources */,
				240C93FA25DCA707006E726A /* Frameworks */,
				240C93FB25DCA707006E726A /* Resources */,
			);
			buildRules = (
			);
			dependencies = (
				240C93FF25DCA707006E726A /* PBXTargetDependency */,
			);
			name = UpgradeNoticeUITests;
			productName = UpgradeNoticeUITests;
			productReference = 240C93FD25DCA707006E726A /* UpgradeNoticeUITests.xctest */;
			productType = "com.apple.product-type.bundle.ui-testing";
		};
/* End PBXNativeTarget section */

/* Begin PBXProject section */
		240C93D925DCA705006E726A /* Project object */ = {
			isa = PBXProject;
			attributes = {
				LastSwiftUpdateCheck = 1240;
				LastUpgradeCheck = 1240;
				TargetAttributes = {
					240C93E025DCA705006E726A = {
						CreatedOnToolsVersion = 12.4;
					};
					240C93F125DCA707006E726A = {
						CreatedOnToolsVersion = 12.4;
						TestTargetID = 240C93E025DCA705006E726A;
					};
					240C93FC25DCA707006E726A = {
						CreatedOnToolsVersion = 12.4;
						TestTargetID = 240C93E025DCA705006E726A;
					};
				};
			};
			buildConfigurationList = 240C93DC25DCA705006E726A /* Build configuration list for PBXProject "UpgradeNotice" */;
			compatibilityVersion = "Xcode 9.3";
			developmentRegion = en;
			hasScannedForEncodings = 0;
			knownRegions = (
				en,
				Base,
			);
			mainGroup = 240C93D825DCA705006E726A;
			productRefGroup = 240C93E225DCA705006E726A /* Products */;
			projectDirPath = "";
			projectRoot = "";
			targets = (
				240C93E025DCA705006E726A /* UpgradeNotice */,
				240C93F125DCA707006E726A /* UpgradeNoticeTests */,
				240C93FC25DCA707006E726A /* UpgradeNoticeUITests */,
			);
		};
/* End PBXProject section */

/* Begin PBXResourcesBuildPhase section */
		240C93DF25DCA705006E726A /* Resources */ = {
			isa = PBXResourcesBuildPhase;
			buildActionMask = 2147483647;
			files = (
				240C93EC25DCA707006E726A /* Preview Assets.xcassets in Resources */,
				240C93E925DCA707006E726A /* Assets.xcassets in Resources */,
			);
			runOnlyForDeploymentPostprocessing = 0;
		};
		240C93F025DCA707006E726A /* Resources */ = {
			isa = PBXResourcesBuildPhase;
			buildActionMask = 2147483647;
			files = (
			);
			runOnlyForDeploymentPostprocessing = 0;
		};
		240C93FB25DCA707006E726A /* Resources */ = {
			isa = PBXResourcesBuildPhase;
			buildActionMask = 2147483647;
			files = (
			);
			runOnlyForDeploymentPostprocessing = 0;
		};
/* End PBXResourcesBuildPhase section */

/* Begin PBXSourcesBuildPhase section */
		240C93DD25DCA705006E726A /* Sources */ = {
			isa = PBXSourcesBuildPhase;
			buildActionMask = 2147483647;
			files = (
				240C93E725DCA705006E726A /* ContentView.swift in Sources */,
				240C93E525DCA705006E726A /* UpgradeNoticeApp.swift in Sources */,
			);
			runOnlyForDeploymentPostprocessing = 0;
		};
		240C93EE25DCA707006E726A /* Sources */ = {
			isa = PBXSourcesBuildPhase;
			buildActionMask = 2147483647;
			files = (
				240C93F725DCA707006E726A /* UpgradeNoticeTests.swift in Sources */,
			);
			runOnlyForDeploymentPostprocessing = 0;
		};
		240C93F925DCA707006E726A /* Sources */ = {
			isa = PBXSourcesBuildPhase;
			buildActionMask = 2147483647;
			files = (
				240C940225DCA707006E726A /* UpgradeNoticeUITests.swift in Sources */,
			);
			runOnlyForDeploymentPostprocessing = 0;
		};
/* End PBXSourcesBuildPhase section */

/* Begin PBXTargetDependency section */
		240C93F425DCA707006E726A /* PBXTargetDependency */ = {
			isa = PBXTargetDependency;
			target = 240C93E025DCA705006E726A /* UpgradeNotice */;
			targetProxy = 240C93F325DCA707006E726A /* PBXContainerItemProxy */;
		};
		240C93FF25DCA707006E726A /* PBXTargetDependency */ = {
			isa = PBXTargetDependency;
			target = 240C93E025DCA705006E726A /* UpgradeNotice */;
			targetProxy = 240C93FE25DCA707006E726A /* PBXContainerItemProxy */;
		};
/* End PBXTargetDependency section */

/* Begin XCBuildConfiguration section */
		240C940425DCA707006E726A /* Debug */ = {
			isa = XCBuildConfiguration;
			buildSettings = {
				ALWAYS_SEARCH_USER_PATHS = NO;
				CLANG_ANALYZER_NONNULL = YES;
				CLANG_ANALYZER_NUMBER_OBJECT_CONVERSION = YES_AGGRESSIVE;
				CLANG_CXX_LANGUAGE_STANDARD = "gnu++14";
				CLANG_CXX_LIBRARY = "libc++";
				CLANG_ENABLE_MODULES = YES;
				CLANG_ENABLE_OBJC_ARC = YES;
				CLANG_ENABLE_OBJC_WEAK = YES;
				CLANG_WARN_BLOCK_CAPTURE_AUTORELEASING = YES;
				CLANG_WARN_BOOL_CONVERSION = YES;
				CLANG_WARN_COMMA = YES;
				CLANG_WARN_CONSTANT_CONVERSION = YES;
				CLANG_WARN_DEPRECATED_OBJC_IMPLEMENTATIONS = YES;
				CLANG_WARN_DIRECT_OBJC_ISA_USAGE = YES_ERROR;
				CLANG_WARN_DOCUMENTATION_COMMENTS = YES;
				CLANG_WARN_EMPTY_BODY = YES;
				CLANG_WARN_ENUM_CONVERSION = YES;
				CLANG_WARN_INFINITE_RECURSION = YES;
				CLANG_WARN_INT_CONVERSION = YES;
				CLANG_WARN_NON_LITERAL_NULL_CONVERSION = YES;
				CLANG_WARN_OBJC_IMPLICIT_RETAIN_SELF = YES;
				CLANG_WARN_OBJC_LITERAL_CONVERSION = YES;
				CLANG_WARN_OBJC_ROOT_CLASS = YES_ERROR;
				CLANG_WARN_QUOTED_INCLUDE_IN_FRAMEWORK_HEADER = YES;
				CLANG_WARN_RANGE_LOOP_ANALYSIS = YES;
				CLANG_WARN_STRICT_PROTOTYPES = YES;
				CLANG_WARN_SUSPICIOUS_MOVE = YES;
				CLANG_WARN_UNGUARDED_AVAILABILITY = YES_AGGRESSIVE;
				CLANG_WARN_UNREACHABLE_CODE = YES;
				CLANG_WARN__DUPLICATE_METHOD_MATCH = YES;
				COPY_PHASE_STRIP = NO;
				DEBUG_INFORMATION_FORMAT = dwarf;
				ENABLE_STRICT_OBJC_MSGSEND = YES;
				ENABLE_TESTABILITY = YES;
				GCC_C_LANGUAGE_STANDARD = gnu11;
				GCC_DYNAMIC_NO_PIC = NO;
				GCC_NO_COMMON_BLOCKS = YES;
				GCC_OPTIMIZATION_LEVEL = 0;
				GCC_PREPROCESSOR_DEFINITIONS = (
					"DEBUG=1",
					"$(inherited)",
				);
				GCC_WARN_64_TO_32_BIT_CONVERSION = YES;
				GCC_WARN_ABOUT_RETURN_TYPE = YES_ERROR;
				GCC_WARN_UNDECLARED_SELECTOR = YES;
				GCC_WARN_UNINITIALIZED_AUTOS = YES_AGGRESSIVE;
				GCC_WARN_UNUSED_FUNCTION = YES;
				GCC_WARN_UNUSED_VARIABLE = YES;
				IPHONEOS_DEPLOYMENT_TARGET = 14.4;
				MTL_ENABLE_DEBUG_INFO = INCLUDE_SOURCE;
				MTL_FAST_MATH = YES;
				ONLY_ACTIVE_ARCH = YES;
				SDKROOT = iphoneos;
				SWIFT_ACTIVE_COMPILATION_CONDITIONS = DEBUG;
				SWIFT_OPTIMIZATION_LEVEL = "-Onone";
			};
			name = Debug;
		};
		240C940525DCA707006E726A /* Release */ = {
			isa = XCBuildConfiguration;
			buildSettings = {
				ALWAYS_SEARCH_USER_PATHS = NO;
				CLANG_ANALYZER_NONNULL = YES;
				CLANG_ANALYZER_NUMBER_OBJECT_CONVERSION = YES_AGGRESSIVE;
				CLANG_CXX_LANGUAGE_STANDARD = "gnu++14";
				CLANG_CXX_LIBRARY = "libc++";
				CLANG_ENABLE_MODULES = YES;
				CLANG_ENABLE_OBJC_ARC = YES;
				CLANG_ENABLE_OBJC_WEAK = YES;
				CLANG_WARN_BLOCK_CAPTURE_AUTORELEASING = YES;
				CLANG_WARN_BOOL_CONVERSION = YES;
				CLANG_WARN_COMMA = YES;
				CLANG_WARN_CONSTANT_CONVERSION = YES;
				CLANG_WARN_DEPRECATED_OBJC_IMPLEMENTATIONS = YES;
				CLANG_WARN_DIRECT_OBJC_ISA_USAGE = YES_ERROR;
				CLANG_WARN_DOCUMENTATION_COMMENTS = YES;
				CLANG_WARN_EMPTY_BODY = YES;
				CLANG_WARN_ENUM_CONVERSION = YES;
				CLANG_WARN_INFINITE_RECURSION = YES;
				CLANG_WARN_INT_CONVERSION = YES;
				CLANG_WARN_NON_LITERAL_NULL_CONVERSION = YES;
				CLANG_WARN_OBJC_IMPLICIT_RETAIN_SELF = YES;
				CLANG_WARN_OBJC_LITERAL_CONVERSION = YES;
				CLANG_WARN_OBJC_ROOT_CLASS = YES_ERROR;
				CLANG_WARN_QUOTED_INCLUDE_IN_FRAMEWORK_HEADER = YES;
				CLANG_WARN_RANGE_LOOP_ANALYSIS = YES;
				CLANG_WARN_STRICT_PROTOTYPES = YES;
				CLANG_WARN_SUSPICIOUS_MOVE = YES;
				CLANG_WARN_UNGUARDED_AVAILABILITY = YES_AGGRESSIVE;
				CLANG_WARN_UNREACHABLE_CODE = YES;
				CLANG_WARN__DUPLICATE_METHOD_MATCH = YES;
				COPY_PHASE_STRIP = NO;
				DEBUG_INFORMATION_FORMAT = "dwarf-with-dsym";
				ENABLE_NS_ASSERTIONS = NO;
				ENABLE_STRICT_OBJC_MSGSEND = YES;
				GCC_C_LANGUAGE_STANDARD = gnu11;
				GCC_NO_COMMON_BLOCKS = YES;
				GCC_WARN_64_TO_32_BIT_CONVERSION = YES;
				GCC_WARN_ABOUT_RETURN_TYPE = YES_ERROR;
				GCC_WARN_UNDECLARED_SELECTOR = YES;
				GCC_WARN_UNINITIALIZED_AUTOS = YES_AGGRESSIVE;
				GCC_WARN_UNUSED_FUNCTION = YES;
				GCC_WARN_UNUSED_VARIABLE = YES;
				IPHONEOS_DEPLOYMENT_TARGET = 14.4;
				MTL_ENABLE_DEBUG_INFO = NO;
				MTL_FAST_MATH = YES;
				SDKROOT = iphoneos;
				SWIFT_COMPILATION_MODE = wholemodule;
				SWIFT_OPTIMIZATION_LEVEL = "-O";
				VALIDATE_PRODUCT = YES;
			};
			name = Release;
		};
		240C940725DCA707006E726A /* Debug */ = {
			isa = XCBuildConfiguration;
			buildSettings = {
				ASSETCATALOG_COMPILER_APPICON_NAME = AppIcon;
				ASSETCATALOG_COMPILER_GLOBAL_ACCENT_COLOR_NAME = AccentColor;
				CODE_SIGN_STYLE = Automatic;
				DEVELOPMENT_ASSET_PATHS = "\"UpgradeNotice/Preview Content\"";
				ENABLE_PREVIEWS = YES;
				INFOPLIST_FILE = UpgradeNotice/Info.plist;
				IPHONEOS_DEPLOYMENT_TARGET = 14.0;
				LD_RUNPATH_SEARCH_PATHS = (
					"$(inherited)",
					"@executable_path/Frameworks",
				);
				PRODUCT_BUNDLE_IDENTIFIER = notification.UpgradeNotice;
				PRODUCT_NAME = "$(TARGET_NAME)";
				SWIFT_VERSION = 5.0;
				TARGETED_DEVICE_FAMILY = "1,2";
			};
			name = Debug;
		};
		240C940825DCA707006E726A /* Release */ = {
			isa = XCBuildConfiguration;
			buildSettings = {
				ASSETCATALOG_COMPILER_APPICON_NAME = AppIcon;
				ASSETCATALOG_COMPILER_GLOBAL_ACCENT_COLOR_NAME = AccentColor;
				CODE_SIGN_STYLE = Automatic;
				DEVELOPMENT_ASSET_PATHS = "\"UpgradeNotice/Preview Content\"";
				ENABLE_PREVIEWS = YES;
				INFOPLIST_FILE = UpgradeNotice/Info.plist;
				IPHONEOS_DEPLOYMENT_TARGET = 14.0;
				LD_RUNPATH_SEARCH_PATHS = (
					"$(inherited)",
					"@executable_path/Frameworks",
				);
				PRODUCT_BUNDLE_IDENTIFIER = notification.UpgradeNotice;
				PRODUCT_NAME = "$(TARGET_NAME)";
				SWIFT_VERSION = 5.0;
				TARGETED_DEVICE_FAMILY = "1,2";
			};
			name = Release;
		};
		240C940A25DCA707006E726A /* Debug */ = {
			isa = XCBuildConfiguration;
			buildSettings = {
				ALWAYS_EMBED_SWIFT_STANDARD_LIBRARIES = YES;
				BUNDLE_LOADER = "$(TEST_HOST)";
				CODE_SIGN_STYLE = Automatic;
				INFOPLIST_FILE = UpgradeNoticeTests/Info.plist;
				IPHONEOS_DEPLOYMENT_TARGET = 14.0;
				LD_RUNPATH_SEARCH_PATHS = (
					"$(inherited)",
					"@executable_path/Frameworks",
					"@loader_path/Frameworks",
				);
				PRODUCT_BUNDLE_IDENTIFIER = notification.UpgradeNoticeTests;
				PRODUCT_NAME = "$(TARGET_NAME)";
				SWIFT_VERSION = 5.0;
				TARGETED_DEVICE_FAMILY = "1,2";
				TEST_HOST = "$(BUILT_PRODUCTS_DIR)/UpgradeNotice.app/UpgradeNotice";
			};
			name = Debug;
		};
		240C940B25DCA707006E726A /* Release */ = {
			isa = XCBuildConfiguration;
			buildSettings = {
				ALWAYS_EMBED_SWIFT_STANDARD_LIBRARIES = YES;
				BUNDLE_LOADER = "$(TEST_HOST)";
				CODE_SIGN_STYLE = Automatic;
				INFOPLIST_FILE = UpgradeNoticeTests/Info.plist;
				IPHONEOS_DEPLOYMENT_TARGET = 14.0;
				LD_RUNPATH_SEARCH_PATHS = (
					"$(inherited)",
					"@executable_path/Frameworks",
					"@loader_path/Frameworks",
				);
				PRODUCT_BUNDLE_IDENTIFIER = notification.UpgradeNoticeTests;
				PRODUCT_NAME = "$(TARGET_NAME)";
				SWIFT_VERSION = 5.0;
				TARGETED_DEVICE_FAMILY = "1,2";
				TEST_HOST = "$(BUILT_PRODUCTS_DIR)/UpgradeNotice.app/UpgradeNotice";
			};
			name = Release;
		};
		240C940D25DCA707006E726A /* Debug */ = {
			isa = XCBuildConfiguration;
			buildSettings = {
				ALWAYS_EMBED_SWIFT_STANDARD_LIBRARIES = YES;
				CODE_SIGN_STYLE = Automatic;
				INFOPLIST_FILE = UpgradeNoticeUITests/Info.plist;
				LD_RUNPATH_SEARCH_PATHS = (
					"$(inherited)",
					"@executable_path/Frameworks",
					"@loader_path/Frameworks",
				);
				PRODUCT_BUNDLE_IDENTIFIER = notification.UpgradeNoticeUITests;
				PRODUCT_NAME = "$(TARGET_NAME)";
				SWIFT_VERSION = 5.0;
				TARGETED_DEVICE_FAMILY = "1,2";
				TEST_TARGET_NAME = UpgradeNotice;
			};
			name = Debug;
		};
		240C940E25DCA707006E726A /* Release */ = {
			isa = XCBuildConfiguration;
			buildSettings = {
				ALWAYS_EMBED_SWIFT_STANDARD_LIBRARIES = YES;
				CODE_SIGN_STYLE = Automatic;
				INFOPLIST_FILE = UpgradeNoticeUITests/Info.plist;
				LD_RUNPATH_SEARCH_PATHS = (
					"$(inherited)",
					"@executable_path/Frameworks",
					"@loader_path/Frameworks",
				);
				PRODUCT_BUNDLE_IDENTIFIER = notification.UpgradeNoticeUITests;
				PRODUCT_NAME = "$(TARGET_NAME)";
				SWIFT_VERSION = 5.0;
				TARGETED_DEVICE_FAMILY = "1,2";
				TEST_TARGET_NAME = UpgradeNotice;
			};
			name = Release;
		};
/* End XCBuildConfiguration section */

/* Begin XCConfigurationList section */
		240C93DC25DCA705006E726A /* Build configuration list for PBXProject "UpgradeNotice" */ = {
			isa = XCConfigurationList;
			buildConfigurations = (
				240C940425DCA707006E726A /* Debug */,
				240C940525DCA707006E726A /* Release */,
			);
			defaultConfigurationIsVisible = 0;
			defaultConfigurationName = Release;
		};
		240C940625DCA707006E726A /* Build configuration list for PBXNativeTarget "UpgradeNotice" */ = {
			isa = XCConfigurationList;
			buildConfigurations = (
				240C940725DCA707006E726A /* Debug */,
				240C940825DCA707006E726A /* Release */,
			);
			defaultConfigurationIsVisible = 0;
			defaultConfigurationName = Release;
		};
		240C940925DCA707006E726A /* Build configuration list for PBXNativeTarget "UpgradeNoticeTests" */ = {
			isa = XCConfigurationList;
			buildConfigurations = (
				240C940A25DCA707006E726A /* Debug */,
				240C940B25DCA707006E726A /* Release */,
			);
			defaultConfigurationIsVisible = 0;
			defaultConfigurationName = Release;
		};
		240C940C25DCA707006E726A /* Build configuration list for PBXNativeTarget "UpgradeNoticeUITests" */ = {
			isa = XCConfigurationList;
			buildConfigurations = (
				240C940D25DCA707006E726A /* Debug */,
				240C940E25DCA707006E726A /* Release */,
			);
			defaultConfigurationIsVisible = 0;
			defaultConfigurationName = Release;
		};
/* End XCConfigurationList section */
	};
	rootObject = 240C93D925DCA705006E726A /* Project object */;
}
